{
  "lib/forge-std": {
    "tag": {
      "name": "v1.17.0",
      "rev": "f3dae6e6ee381f25eb6a246f7da9b85c91a68219"
    }
  },
  "lib/openzeppelin-contracts": {
    "rev": "32b5b8c4655448291e27272d43607b9e3ae8c1d8"
  },
  "lib/openzeppelin-contracts-upgradeable": {
    "rev": "a2f6f654ca4a4208527f5af1ead317a16b184c09"
  }
}
